// !$*UTF8*$!
{
	archiveVersion = 1;
	classes = {
	};
	objectVersion = 56;
	objects = {

/* Begin PBXBuildFile section */
		550F3A3E2A70142800CDF0BC /* Heap.swift in Sources */ = {isa = PBXBuildFile; fileRef = 550F3A3D2A70142800CDF0BC /* Heap.swift */; };
		55616E1E2A62A3C6003F293E /* libAlgorithms.a in Frameworks */ = {isa = PBXBuildFile; fileRef = 5583E23D2A5E9FC800ABA8D8 /* libAlgorithms.a */; };
		55EA42392A75454E00EEB20D /* HeapTest.swift in Sources */ = {isa = PBXBuildFile; fileRef = 55EA42382A75454E00EEB20D /* HeapTest.swift */; };
		55EA423A2A75455900EEB20D /* Heap.swift in Sources */ = {isa = PBXBuildFile; fileRef = 550F3A3D2A70142800CDF0BC /* Heap.swift */; };
/* End PBXBuildFile section */

/* Begin PBXContainerItemProxy section */
		55616E1F2A62A3C6003F293E /* PBXContainerItemProxy */ = {
			isa = PBXContainerItemProxy;
			containerPortal = 5583E2352A5E9FC800ABA8D8 /* Project object */;
			proxyType = 1;
			remoteGlobalIDString = 5583E23C2A5E9FC800ABA8D8;
			remoteInfo = Algorithms;
		};
/* End PBXContainerItemProxy section */

/* Begin PBXCopyFilesBuildPhase section */
		5583E23B2A5E9FC800ABA8D8 /* CopyFiles */ = {
			isa = PBXCopyFilesBuildPhase;
			buildActionMask = 2147483647;
			dstPath = "include/$(PRODUCT_NAME)";
			dstSubfolderSpec = 16;
			files = (
			);
			runOnlyForDeploymentPostprocessing = 0;
		};
/* End PBXCopyFilesBuildPhase section */

/* Begin PBXFileReference section */
		550F3A3D2A70142800CDF0BC /* Heap.swift */ = {isa = PBXFileReference; lastKnownFileType = sourcecode.swift; path = Heap.swift; sourceTree = "<group>"; };
		55616E1A2A62A3C6003F293E /* Tests.xctest */ = {isa = PBXFileReference; explicitFileType = wrapper.cfbundle; includeInIndex = 0; path = Tests.xctest; sourceTree = BUILT_PRODUCTS_DIR; };
		55616E1C2A62A3C6003F293E /* LinkedListTest.swift */ = {isa = PBXFileReference; lastKnownFileType = sourcecode.swift; path = LinkedListTest.swift; sourceTree = "<group>"; };
		55616E282A62E3BA003F293E /* Stack.swift */ = {isa = PBXFileReference; lastKnownFileType = sourcecode.swift; path = Stack.swift; sourceTree = "<group>"; };
		55616E2C2A62E809003F293E /* StackTest.swift */ = {isa = PBXFileReference; lastKnownFileType = sourcecode.swift; path = StackTest.swift; sourceTree = "<group>"; };
		55616E2F2A62F470003F293E /* Queue.swift */ = {isa = PBXFileReference; lastKnownFileType = sourcecode.swift; path = Queue.swift; sourceTree = "<group>"; };
		55616E342A62F5C3003F293E /* QueueTest.swift */ = {isa = PBXFileReference; lastKnownFileType = sourcecode.swift; path = QueueTest.swift; sourceTree = "<group>"; };
		55616E362A62FA75003F293E /* QueueMod.swift */ = {isa = PBXFileReference; lastKnownFileType = sourcecode.swift; path = QueueMod.swift; sourceTree = "<group>"; };
		55616E382A62FA80003F293E /* QueueModTest.swift */ = {isa = PBXFileReference; lastKnownFileType = sourcecode.swift; path = QueueModTest.swift; sourceTree = "<group>"; };
		5583E23D2A5E9FC800ABA8D8 /* libAlgorithms.a */ = {isa = PBXFileReference; explicitFileType = archive.ar; includeInIndex = 0; path = libAlgorithms.a; sourceTree = BUILT_PRODUCTS_DIR; };
		5583E2402A5E9FC800ABA8D8 /* LinkedList.swift */ = {isa = PBXFileReference; lastKnownFileType = sourcecode.swift; path = LinkedList.swift; sourceTree = "<group>"; };
		558F7EB12A637EF60004A457 /* HashTable.swift */ = {isa = PBXFileReference; lastKnownFileType = sourcecode.swift; path = HashTable.swift; sourceTree = "<group>"; };
		5594D4772A6913D70013DB6E /* HashTableTest.swift */ = {isa = PBXFileReference; lastKnownFileType = sourcecode.swift; path = HashTableTest.swift; sourceTree = "<group>"; };
		5594D47A2A6922F50013DB6E /* HashSet.swift */ = {isa = PBXFileReference; lastKnownFileType = sourcecode.swift; path = HashSet.swift; sourceTree = "<group>"; };
		5594D4862A69659B0013DB6E /* HashSetTest.swift */ = {isa = PBXFileReference; lastKnownFileType = sourcecode.swift; path = HashSetTest.swift; sourceTree = "<group>"; };
		5594D4892A696C780013DB6E /* BitSet.swift */ = {isa = PBXFileReference; lastKnownFileType = sourcecode.swift; path = BitSet.swift; sourceTree = "<group>"; };
		55AB57DE2A6BD6DC00FCE783 /* Deque.swift */ = {isa = PBXFileReference; lastKnownFileType = sourcecode.swift; path = Deque.swift; sourceTree = "<group>"; };
		55AB57E02A6DB69600FCE783 /* DequeTest.swift */ = {isa = PBXFileReference; lastKnownFileType = sourcecode.swift; path = DequeTest.swift; sourceTree = "<group>"; };
		55AB57E32A6E5DBB00FCE783 /* [TODO]PriorityQueue.swift */ = {isa = PBXFileReference; lastKnownFileType = sourcecode.swift; path = "[TODO]PriorityQueue.swift"; sourceTree = "<group>"; };
		55EA42382A75454E00EEB20D /* HeapTest.swift */ = {isa = PBXFileReference; lastKnownFileType = sourcecode.swift; path = HeapTest.swift; sourceTree = "<group>"; };
/* End PBXFileReference section */

/* Begin PBXFrameworksBuildPhase section */
		55616E172A62A3C6003F293E /* Frameworks */ = {
			isa = PBXFrameworksBuildPhase;
			buildActionMask = 2147483647;
			files = (
				55616E1E2A62A3C6003F293E /* libAlgorithms.a in Frameworks */,
			);
			runOnlyForDeploymentPostprocessing = 0;
		};
		5583E23A2A5E9FC800ABA8D8 /* Frameworks */ = {
			isa = PBXFrameworksBuildPhase;
			buildActionMask = 2147483647;
			files = (
			);
			runOnlyForDeploymentPostprocessing = 0;
		};
/* End PBXFrameworksBuildPhase section */

/* Begin PBXGroup section */
		55616E1B2A62A3C6003F293E /* Tests */ = {
			isa = PBXGroup;
			children = (
				55616E1C2A62A3C6003F293E /* LinkedListTest.swift */,
				55616E2C2A62E809003F293E /* StackTest.swift */,
				55616E342A62F5C3003F293E /* QueueTest.swift */,
				55616E382A62FA80003F293E /* QueueModTest.swift */,
				5594D4772A6913D70013DB6E /* HashTableTest.swift */,
				5594D4862A69659B0013DB6E /* HashSetTest.swift */,
				55AB57E02A6DB69600FCE783 /* DequeTest.swift */,
				55EA42382A75454E00EEB20D /* HeapTest.swift */,
			);
			path = Tests;
			sourceTree = "<group>";
		};
		5583E2342A5E9FC800ABA8D8 = {
			isa = PBXGroup;
			children = (
				5583E23F2A5E9FC800ABA8D8 /* DataStructures */,
				55616E1B2A62A3C6003F293E /* Tests */,
				5583E23E2A5E9FC800ABA8D8 /* Products */,
			);
			sourceTree = "<group>";
		};
		5583E23E2A5E9FC800ABA8D8 /* Products */ = {
			isa = PBXGroup;
			children = (
				5583E23D2A5E9FC800ABA8D8 /* libAlgorithms.a */,
				55616E1A2A62A3C6003F293E /* Tests.xctest */,
			);
			name = Products;
			sourceTree = "<group>";
		};
		5583E23F2A5E9FC800ABA8D8 /* DataStructures */ = {
			isa = PBXGroup;
			children = (
				5583E2402A5E9FC800ABA8D8 /* LinkedList.swift */,
				55616E282A62E3BA003F293E /* Stack.swift */,
				55616E2F2A62F470003F293E /* Queue.swift */,
				55616E362A62FA75003F293E /* QueueMod.swift */,
				558F7EB12A637EF60004A457 /* HashTable.swift */,
				5594D47A2A6922F50013DB6E /* HashSet.swift */,
				5594D4892A696C780013DB6E /* BitSet.swift */,
				55AB57DE2A6BD6DC00FCE783 /* Deque.swift */,
				55AB57E32A6E5DBB00FCE783 /* [TODO]PriorityQueue.swift */,
				550F3A3D2A70142800CDF0BC /* Heap.swift */,
			);
			path = DataStructures;
			sourceTree = "<group>";
		};
/* End PBXGroup section */

/* Begin PBXNativeTarget section */
		55616E192A62A3C6003F293E /* Tests */ = {
			isa = PBXNativeTarget;
			buildConfigurationList = 55616E212A62A3C6003F293E /* Build configuration list for PBXNativeTarget "Tests" */;
			buildPhases = (
				55616E162A62A3C6003F293E /* Sources */,
				55616E172A62A3C6003F293E /* Frameworks */,
				55616E182A62A3C6003F293E /* Resources */,
			);
			buildRules = (
			);
			dependencies = (
				55616E202A62A3C6003F293E /* PBXTargetDependency */,
			);
			name = Tests;
			productName = Tests;
			productReference = 55616E1A2A62A3C6003F293E /* Tests.xctest */;
			productType = "com.apple.product-type.bundle.unit-test";
		};
		5583E23C2A5E9FC800ABA8D8 /* Algorithms */ = {
			isa = PBXNativeTarget;
			buildConfigurationList = 5583E2442A5E9FC800ABA8D8 /* Build configuration list for PBXNativeTarget "Algorithms" */;
			buildPhases = (
				5583E2392A5E9FC800ABA8D8 /* Sources */,
				5583E23A2A5E9FC800ABA8D8 /* Frameworks */,
				5583E23B2A5E9FC800ABA8D8 /* CopyFiles */,
			);
			buildRules = (
			);
			dependencies = (
			);
			name = Algorithms;
			productName = Algorithms;
			productReference = 5583E23D2A5E9FC800ABA8D8 /* libAlgorithms.a */;
			productType = "com.apple.product-type.library.static";
		};
/* End PBXNativeTarget section */

/* Begin PBXProject section */
		5583E2352A5E9FC800ABA8D8 /* Project object */ = {
			isa = PBXProject;
			attributes = {
				BuildIndependentTargetsInParallel = 1;
				LastSwiftUpdateCheck = 1500;
				LastUpgradeCheck = 1500;
				TargetAttributes = {
					55616E192A62A3C6003F293E = {
						CreatedOnToolsVersion = 15.0;
						LastSwiftMigration = 1500;
					};
					5583E23C2A5E9FC800ABA8D8 = {
						CreatedOnToolsVersion = 15.0;
						LastSwiftMigration = 1500;
					};
				};
			};
			buildConfigurationList = 5583E2382A5E9FC800ABA8D8 /* Build configuration list for PBXProject "Algorithms" */;
			compatibilityVersion = "Xcode 14.0";
			developmentRegion = en;
			hasScannedForEncodings = 0;
			knownRegions = (
				en,
				Base,
			);
			mainGroup = 5583E2342A5E9FC800ABA8D8;
			productRefGroup = 5583E23E2A5E9FC800ABA8D8 /* Products */;
			projectDirPath = "";
			projectRoot = "";
			targets = (
				5583E23C2A5E9FC800ABA8D8 /* Algorithms */,
				55616E192A62A3C6003F293E /* Tests */,
			);
		};
/* End PBXProject section */

/* Begin PBXResourcesBuildPhase section */
		55616E182A62A3C6003F293E /* Resources */ = {
			isa = PBXResourcesBuildPhase;
			buildActionMask = 2147483647;
			files = (
			);
			runOnlyForDeploymentPostprocessing = 0;
		};
/* End PBXResourcesBuildPhase section */

/* Begin PBXSourcesBuildPhase section */
		55616E162A62A3C6003F293E /* Sources */ = {
			isa = PBXSourcesBuildPhase;
			buildActionMask = 2147483647;
			files = (
				55EA423A2A75455900EEB20D /* Heap.swift in Sources */,
				55EA42392A75454E00EEB20D /* HeapTest.swift in Sources */,
			);
			runOnlyForDeploymentPostprocessing = 0;
		};
		5583E2392A5E9FC800ABA8D8 /* Sources */ = {
			isa = PBXSourcesBuildPhase;
			buildActionMask = 2147483647;
			files = (
				550F3A3E2A70142800CDF0BC /* Heap.swift in Sources */,
			);
			runOnlyForDeploymentPostprocessing = 0;
		};
/* End PBXSourcesBuildPhase section */

/* Begin PBXTargetDependency section */
		55616E202A62A3C6003F293E /* PBXTargetDependency */ = {
			isa = PBXTargetDependency;
			target = 5583E23C2A5E9FC800ABA8D8 /* Algorithms */;
			targetProxy = 55616E1F2A62A3C6003F293E /* PBXContainerItemProxy */;
		};
/* End PBXTargetDependency section */

/* Begin XCBuildConfiguration section */
		55616E222A62A3C6003F293E /* Debug */ = {
			isa = XCBuildConfiguration;
			buildSettings = {
				ALWAYS_EMBED_SWIFT_STANDARD_LIBRARIES = YES;
				CLANG_ENABLE_MODULES = YES;
				CODE_SIGN_STYLE = Automatic;
				CURRENT_PROJECT_VERSION = 1;
				DEVELOPMENT_TEAM = X3Y69D3VMD;
				GENERATE_INFOPLIST_FILE = YES;
				MARKETING_VERSION = 1.0;
				PRODUCT_BUNDLE_IDENTIFIER = Mauzec.Tests;
				PRODUCT_NAME = "$(TARGET_NAME)";
				SWIFT_EMIT_LOC_STRINGS = NO;
				SWIFT_OPTIMIZATION_LEVEL = "-Onone";
				SWIFT_VERSION = 5.0;
				TARGETED_DEVICE_FAMILY = "1,2";
			};
			name = Debug;
		};
		55616E232A62A3C6003F293E /* Release */ = {
			isa = XCBuildConfiguration;
			buildSettings = {
				ALWAYS_EMBED_SWIFT_STANDARD_LIBRARIES = YES;
				CLANG_ENABLE_MODULES = YES;
				CODE_SIGN_STYLE = Automatic;
				CURRENT_PROJECT_VERSION = 1;
				DEVELOPMENT_TEAM = X3Y69D3VMD;
				GENERATE_INFOPLIST_FILE = YES;
				MARKETING_VERSION = 1.0;
				PRODUCT_BUNDLE_IDENTIFIER = Mauzec.Tests;
				PRODUCT_NAME = "$(TARGET_NAME)";
				SWIFT_EMIT_LOC_STRINGS = NO;
				SWIFT_VERSION = 5.0;
				TARGETED_DEVICE_FAMILY = "1,2";
			};
			name = Release;
		};
		5583E2422A5E9FC800ABA8D8 /* Debug */ = {
			isa = XCBuildConfiguration;
			buildSettings = {
				ALWAYS_SEARCH_USER_PATHS = NO;
				ASSETCATALOG_COMPILER_GENERATE_SWIFT_ASSET_SYMBOL_EXTENSIONS = YES;
				CLANG_ANALYZER_NONNULL = YES;
				CLANG_ANALYZER_NUMBER_OBJECT_CONVERSION = YES_AGGRESSIVE;
				CLANG_CXX_LANGUAGE_STANDARD = "gnu++20";
				CLANG_ENABLE_MODULES = YES;
				CLANG_ENABLE_OBJC_ARC = YES;
				CLANG_ENABLE_OBJC_WEAK = YES;
				CLANG_WARN_BLOCK_CAPTURE_AUTORELEASING = YES;
				CLANG_WARN_BOOL_CONVERSION = YES;
				CLANG_WARN_COMMA = YES;
				CLANG_WARN_CONSTANT_CONVERSION = YES;
				CLANG_WARN_DEPRECATED_OBJC_IMPLEMENTATIONS = YES;
				CLANG_WARN_DIRECT_OBJC_ISA_USAGE = YES_ERROR;
				CLANG_WARN_DOCUMENTATION_COMMENTS = YES;
				CLANG_WARN_EMPTY_BODY = YES;
				CLANG_WARN_ENUM_CONVERSION = YES;
				CLANG_WARN_INFINITE_RECURSION = YES;
				CLANG_WARN_INT_CONVERSION = YES;
				CLANG_WARN_NON_LITERAL_NULL_CONVERSION = YES;
				CLANG_WARN_OBJC_IMPLICIT_RETAIN_SELF = YES;
				CLANG_WARN_OBJC_LITERAL_CONVERSION = YES;
				CLANG_WARN_OBJC_ROOT_CLASS = YES_ERROR;
				CLANG_WARN_QUOTED_INCLUDE_IN_FRAMEWORK_HEADER = YES;
				CLANG_WARN_RANGE_LOOP_ANALYSIS = YES;
				CLANG_WARN_STRICT_PROTOTYPES = YES;
				CLANG_WARN_SUSPICIOUS_MOVE = YES;
				CLANG_WARN_UNGUARDED_AVAILABILITY = YES_AGGRESSIVE;
				CLANG_WARN_UNREACHABLE_CODE = YES;
				CLANG_WARN__DUPLICATE_METHOD_MATCH = YES;
				COPY_PHASE_STRIP = NO;
				DEBUG_INFORMATION_FORMAT = dwarf;
				ENABLE_STRICT_OBJC_MSGSEND = YES;
				ENABLE_TESTABILITY = YES;
				ENABLE_USER_SCRIPT_SANDBOXING = YES;
				GCC_C_LANGUAGE_STANDARD = gnu17;
				GCC_DYNAMIC_NO_PIC = NO;
				GCC_NO_COMMON_BLOCKS = YES;
				GCC_OPTIMIZATION_LEVEL = 0;
				GCC_PREPROCESSOR_DEFINITIONS = (
					"DEBUG=1",
					"$(inherited)",
				);
				GCC_WARN_64_TO_32_BIT_CONVERSION = YES;
				GCC_WARN_ABOUT_RETURN_TYPE = YES_ERROR;
				GCC_WARN_UNDECLARED_SELECTOR = YES;
				GCC_WARN_UNINITIALIZED_AUTOS = YES_AGGRESSIVE;
				GCC_WARN_UNUSED_FUNCTION = YES;
				GCC_WARN_UNUSED_VARIABLE = YES;
				IPHONEOS_DEPLOYMENT_TARGET = 17.0;
				LOCALIZATION_PREFERS_STRING_CATALOGS = YES;
				MTL_ENABLE_DEBUG_INFO = INCLUDE_SOURCE;
				MTL_FAST_MATH = YES;
				ONLY_ACTIVE_ARCH = YES;
				SDKROOT = iphoneos;
				SWIFT_ACTIVE_COMPILATION_CONDITIONS = "DEBUG $(inherited)";
				SWIFT_OPTIMIZATION_LEVEL = "-Onone";
			};
			name = Debug;
		};
		5583E2432A5E9FC800ABA8D8 /* Release */ = {
			isa = XCBuildConfiguration;
			buildSettings = {
				ALWAYS_SEARCH_USER_PATHS = NO;
				ASSETCATALOG_COMPILER_GENERATE_SWIFT_ASSET_SYMBOL_EXTENSIONS = YES;
				CLANG_ANALYZER_NONNULL = YES;
				CLANG_ANALYZER_NUMBER_OBJECT_CONVERSION = YES_AGGRESSIVE;
				CLANG_CXX_LANGUAGE_STANDARD = "gnu++20";
				CLANG_ENABLE_MODULES = YES;
				CLANG_ENABLE_OBJC_ARC = YES;
				CLANG_ENABLE_OBJC_WEAK = YES;
				CLANG_WARN_BLOCK_CAPTURE_AUTORELEASING = YES;
				CLANG_WARN_BOOL_CONVERSION = YES;
				CLANG_WARN_COMMA = YES;
				CLANG_WARN_CONSTANT_CONVERSION = YES;
				CLANG_WARN_DEPRECATED_OBJC_IMPLEMENTATIONS = YES;
				CLANG_WARN_DIRECT_OBJC_ISA_USAGE = YES_ERROR;
				CLANG_WARN_DOCUMENTATION_COMMENTS = YES;
				CLANG_WARN_EMPTY_BODY = YES;
				CLANG_WARN_ENUM_CONVERSION = YES;
				CLANG_WARN_INFINITE_RECURSION = YES;
				CLANG_WARN_INT_CONVERSION = YES;
				CLANG_WARN_NON_LITERAL_NULL_CONVERSION = YES;
				CLANG_WARN_OBJC_IMPLICIT_RETAIN_SELF = YES;
				CLANG_WARN_OBJC_LITERAL_CONVERSION = YES;
				CLANG_WARN_OBJC_ROOT_CLASS = YES_ERROR;
				CLANG_WARN_QUOTED_INCLUDE_IN_FRAMEWORK_HEADER = YES;
				CLANG_WARN_RANGE_LOOP_ANALYSIS = YES;
				CLANG_WARN_STRICT_PROTOTYPES = YES;
				CLANG_WARN_SUSPICIOUS_MOVE = YES;
				CLANG_WARN_UNGUARDED_AVAILABILITY = YES_AGGRESSIVE;
				CLANG_WARN_UNREACHABLE_CODE = YES;
				CLANG_WARN__DUPLICATE_METHOD_MATCH = YES;
				COPY_PHASE_STRIP = NO;
				DEBUG_INFORMATION_FORMAT = "dwarf-with-dsym";
				ENABLE_NS_ASSERTIONS = NO;
				ENABLE_STRICT_OBJC_MSGSEND = YES;
				ENABLE_TESTABILITY = YES;
				ENABLE_USER_SCRIPT_SANDBOXING = YES;
				GCC_C_LANGUAGE_STANDARD = gnu17;
				GCC_NO_COMMON_BLOCKS = YES;
				GCC_WARN_64_TO_32_BIT_CONVERSION = YES;
				GCC_WARN_ABOUT_RETURN_TYPE = YES_ERROR;
				GCC_WARN_UNDECLARED_SELECTOR = YES;
				GCC_WARN_UNINITIALIZED_AUTOS = YES_AGGRESSIVE;
				GCC_WARN_UNUSED_FUNCTION = YES;
				GCC_WARN_UNUSED_VARIABLE = YES;
				IPHONEOS_DEPLOYMENT_TARGET = 17.0;
				LOCALIZATION_PREFERS_STRING_CATALOGS = YES;
				MTL_ENABLE_DEBUG_INFO = NO;
				MTL_FAST_MATH = YES;
				SDKROOT = iphoneos;
				SWIFT_COMPILATION_MODE = wholemodule;
				VALIDATE_PRODUCT = YES;
			};
			name = Release;
		};
		5583E2452A5E9FC800ABA8D8 /* Debug */ = {
			isa = XCBuildConfiguration;
			buildSettings = {
				CLANG_ENABLE_MODULES = YES;
				CODE_SIGN_STYLE = Automatic;
				DEVELOPMENT_TEAM = X3Y69D3VMD;
				OTHER_LDFLAGS = "-ObjC";
				PRODUCT_NAME = "$(TARGET_NAME)";
				SKIP_INSTALL = YES;
				SWIFT_OPTIMIZATION_LEVEL = "-Onone";
				SWIFT_VERSION = 5.0;
				TARGETED_DEVICE_FAMILY = "1,2";
			};
			name = Debug;
		};
		5583E2462A5E9FC800ABA8D8 /* Release */ = {
			isa = XCBuildConfiguration;
			buildSettings = {
				CLANG_ENABLE_MODULES = YES;
				CODE_SIGN_STYLE = Automatic;
				DEVELOPMENT_TEAM = X3Y69D3VMD;
				OTHER_LDFLAGS = "-ObjC";
				PRODUCT_NAME = "$(TARGET_NAME)";
				SKIP_INSTALL = YES;
				SWIFT_VERSION = 5.0;
				TARGETED_DEVICE_FAMILY = "1,2";
			};
			name = Release;
		};
/* End XCBuildConfiguration section */

/* Begin XCConfigurationList section */
		55616E212A62A3C6003F293E /* Build configuration list for PBXNativeTarget "Tests" */ = {
			isa = XCConfigurationList;
			buildConfigurations = (
				55616E222A62A3C6003F293E /* Debug */,
				55616E232A62A3C6003F293E /* Release */,
			);
			defaultConfigurationIsVisible = 0;
			defaultConfigurationName = Release;
		};
		5583E2382A5E9FC800ABA8D8 /* Build configuration list for PBXProject "Algorithms" */ = {
			isa = XCConfigurationList;
			buildConfigurations = (
				5583E2422A5E9FC800ABA8D8 /* Debug */,
				5583E2432A5E9FC800ABA8D8 /* Release */,
			);
			defaultConfigurationIsVisible = 0;
			defaultConfigurationName = Release;
		};
		5583E2442A5E9FC800ABA8D8 /* Build configuration list for PBXNativeTarget "Algorithms" */ = {
			isa = XCConfigurationList;
			buildConfigurations = (
				5583E2452A5E9FC800ABA8D8 /* Debug */,
				5583E2462A5E9FC800ABA8D8 /* Release */,
			);
			defaultConfigurationIsVisible = 0;
			defaultConfigurationName = Release;
		};
/* End XCConfigurationList section */
	};
	rootObject = 5583E2352A5E9FC800ABA8D8 /* Project object */;
}
